
Microsoft Visual Studio Solution File, Format Version 12.00
# Visual Studio Version 17
VisualStudioVersion = 17.11.35327.3
MinimumVisualStudioVersion = 10.0.40219.1
Project("{8BC9CEB8-8B4A-11D0-8D11-00A0C91BC942}") = "sys2", "sys2\sys2.vcxproj", "{A1E17E47-9656-4024-A36D-D7EA2FC418D8}"
EndProject
Global
	GlobalSection(SolutionConfigurationPlatforms) = preSolution
		Debug|x64 = Debug|x64
		Debug|x86 = Debug|x86
		Release|x64 = Release|x64
		Release|x86 = Release|x86
	EndGlobalSection
	GlobalSection(ProjectConfigurationPlatforms) = postSolution
		{A1E17E47-9656-4024-A36D-D7EA2FC418D8}.Debug|x64.ActiveCfg = Debug|x64
		{A1E17E47-9656-4024-A36D-D7EA2FC418D8}.Debug|x64.Build.0 = Debug|x64
		{A1E17E47-9656-4024-A36D-D7EA2FC418D8}.Debug|x86.ActiveCfg = Debug|Win32
		{A1E17E47-9656-4024-A36D-D7EA2FC418D8}.Debug|x86.Build.0 = Debug|Win32
		{A1E17E47-9656-4024-A36D-D7EA2FC418D8}.Release|x64.ActiveCfg = Release|x64
		{A1E17E47-9656-4024-A36D-D7EA2FC418D8}.Release|x64.Build.0 = Release|x64
		{A1E17E47-9656-4024-A36D-D7EA2FC418D8}.Release|x86.ActiveCfg = Release|Win32
		{A1E17E47-9656-4024-A36D-D7EA2FC418D8}.Release|x86.Build.0 = Release|Win32
	EndGlobalSection
	GlobalSection(SolutionProperties) = preSolution
		HideSolutionNode = FALSE
	EndGlobalSection
	GlobalSection(ExtensibilityGlobals) = postSolution
		SolutionGuid = {17913C0A-39E7-4B68-8775-F44F6CE9962C}
	EndGlobalSection
EndGlobal
